
Microsoft Visual Studio Solution File, Format Version 12.00
# Visual Studio Version 17
VisualStudioVersion = 17.11.35327.3
MinimumVisualStudioVersion = 10.0.40219.1
Project("{FAE04EC0-301F-11D3-BF4B-00C04F79EFBC}") = "MyWebApi", "MyWebApi\MyWebApi.csproj", "{9D1CFFCD-8ECB-4EC2-8806-4D43B15F5571}"
EndProject
Global
	GlobalSection(SolutionConfigurationPlatforms) = preSolution
		Debug|Any CPU = Debug|Any CPU
		Release|Any CPU = Release|Any CPU
	EndGlobalSection
	GlobalSection(ProjectConfigurationPlatforms) = postSolution
		{9D1CFFCD-8ECB-4EC2-8806-4D43B15F5571}.Debug|Any CPU.ActiveCfg = Debug|Any CPU
		{9D1CFFCD-8ECB-4EC2-8806-4D43B15F5571}.Debug|Any CPU.Build.0 = Debug|Any CPU
		{9D1CFFCD-8ECB-4EC2-8806-4D43B15F5571}.Release|Any CPU.ActiveCfg = Release|Any CPU
		{9D1CFFCD-8ECB-4EC2-8806-4D43B15F5571}.Release|Any CPU.Build.0 = Release|Any CPU
	EndGlobalSection
	GlobalSection(SolutionProperties) = preSolution
		HideSolutionNode = FALSE
	EndGlobalSection
	GlobalSection(ExtensibilityGlobals) = postSolution
		SolutionGuid = {FFE587ED-4DC4-4C62-BF10-A0CD3364F3ED}
	EndGlobalSection
EndGlobal
